
Microsoft Visual Studio Solution File, Format Version 12.00
# Visual Studio Version 17
VisualStudioVersion = 17.12.35707.178
MinimumVisualStudioVersion = 10.0.40219.1
Project("{FAE04EC0-301F-11D3-BF4B-00C04F79EFBC}") = "ApiProjeKampi.WebApi", "ApiProjeKampi.WebApi\ApiProjeKampi.WebApi.csproj", "{C115A5B3-0C17-4415-B7A7-079EE406FB3C}"
EndProject
Project("{FAE04EC0-301F-11D3-BF4B-00C04F79EFBC}") = "ApiProjeKampi.WebUI", "ApiProjeKampi.WebUI\ApiProjeKampi.WebUI.csproj", "{9FD0AF49-CD1E-41D0-82FC-1EC0BC93918E}"
EndProject
Global
	GlobalSection(SolutionConfigurationPlatforms) = preSolution
		Debug|Any CPU = Debug|Any CPU
		Release|Any CPU = Release|Any CPU
	EndGlobalSection
	GlobalSection(ProjectConfigurationPlatforms) = postSolution
		{C115A5B3-0C17-4415-B7A7-079EE406FB3C}.Debug|Any CPU.ActiveCfg = Debug|Any CPU
		{C115A5B3-0C17-4415-B7A7-079EE406FB3C}.Debug|Any CPU.Build.0 = Debug|Any CPU
		{C115A5B3-0C17-4415-B7A7-079EE406FB3C}.Release|Any CPU.ActiveCfg = Release|Any CPU
		{C115A5B3-0C17-4415-B7A7-079EE406FB3C}.Release|Any CPU.Build.0 = Release|Any CPU
		{9FD0AF49-CD1E-41D0-82FC-1EC0BC93918E}.Debug|Any CPU.ActiveCfg = Debug|Any CPU
		{9FD0AF49-CD1E-41D0-82FC-1EC0BC93918E}.Debug|Any CPU.Build.0 = Debug|Any CPU
		{9FD0AF49-CD1E-41D0-82FC-1EC0BC93918E}.Release|Any CPU.ActiveCfg = Release|Any CPU
		{9FD0AF49-CD1E-41D0-82FC-1EC0BC93918E}.Release|Any CPU.Build.0 = Release|Any CPU
	EndGlobalSection
	GlobalSection(SolutionProperties) = preSolution
		HideSolutionNode = FALSE
	EndGlobalSection
	GlobalSection(ExtensibilityGlobals) = postSolution
		SolutionGuid = {6ACB0D2B-C1FB-4241-B22B-CD3797E835F4}
	EndGlobalSection
EndGlobal
